
Microsoft Visual Studio Solution File, Format Version 12.00
# Visual Studio Version 17
VisualStudioVersion = 17.14.37203.1 d17.14
MinimumVisualStudioVersion = 10.0.40219.1
Project("{FAE04EC0-301F-11D3-BF4B-00C04F79EFBC}") = "Selenium_CSharp_Framework", "Selenium_CSharp_Framework\Selenium_CSharp_Framework.csproj", "{BBD2FEA0-5B01-4CA7-8DEC-4F903C81091D}"
EndProject
Global
	GlobalSection(SolutionConfigurationPlatforms) = preSolution
		Debug|Any CPU = Debug|Any CPU
		Release|Any CPU = Release|Any CPU
	EndGlobalSection
	GlobalSection(ProjectConfigurationPlatforms) = postSolution
		{BBD2FEA0-5B01-4CA7-8DEC-4F903C81091D}.Debug|Any CPU.ActiveCfg = Debug|Any CPU
		{BBD2FEA0-5B01-4CA7-8DEC-4F903C81091D}.Debug|Any CPU.Build.0 = Debug|Any CPU
		{BBD2FEA0-5B01-4CA7-8DEC-4F903C81091D}.Release|Any CPU.ActiveCfg = Release|Any CPU
		{BBD2FEA0-5B01-4CA7-8DEC-4F903C81091D}.Release|Any CPU.Build.0 = Release|Any CPU
	EndGlobalSection
	GlobalSection(SolutionProperties) = preSolution
		HideSolutionNode = FALSE
	EndGlobalSection
	GlobalSection(ExtensibilityGlobals) = postSolution
		SolutionGuid = {954FF0AE-0181-491D-93CD-1CF80CEA7E26}
	EndGlobalSection
EndGlobal
